{
  "version": 4,
  "terraform_version": "1.0.11",
  "serial": 702,
  "lineage": "238d578d-dcc7-10b0-8501-e7d11e21bc41",
  "outputs": {},
  "resources": [
    {
      "mode": "managed",
      "type": "google_compute_disk",
      "name": "persistent",
      "provider": "provider[\"registry.terraform.io/hashicorp/google\"]",
      "instances": [
        {
          "schema_version": 0,
          "attributes": {
            "creation_timestamp": "2022-02-12T00:00:20.385-08:00",
            "description": "",
            "disk_encryption_key": [],
            "id": "projects/projectvpcpoc-2/zones/us-central1-a/disks/test-disk",
            "image": "",
            "label_fingerprint": "42WmSpB8rSM=",
            "labels": null,
            "last_attach_timestamp": "",
            "last_detach_timestamp": "",
            "name": "test-disk",
            "physical_block_size_bytes": 4096,
            "project": "projectvpcpoc-2",
            "provisioned_iops": 0,
            "self_link": "https://www.googleapis.com/compute/v1/projects/projectvpcpoc-2/zones/us-central1-a/disks/test-disk",
            "size": 10,
            "snapshot": "",
            "source_image_encryption_key": [],
            "source_image_id": "",
            "source_snapshot_encryption_key": [],
            "source_snapshot_id": "",
            "timeouts": null,
            "type": "pd-ssd",
            "users": [],
            "zone": "us-central1-a"
          },
          "sensitive_attributes": [],
          "private": "eyJlMmJmYjczMC1lY2FhLTExZTYtOGY4OC0zNDM2M2JjN2M0YzAiOnsiY3JlYXRlIjoxMjAwMDAwMDAwMDAwLCJkZWxldGUiOjEyMDAwMDAwMDAwMDAsInVwZGF0ZSI6MTIwMDAwMDAwMDAwMH19"
        }
      ]
    },
    {
      "mode": "managed",
      "type": "google_compute_disk_resource_policy_attachment",
      "name": "attachment",
      "provider": "provider[\"registry.terraform.io/hashicorp/google\"]",
      "instances": [
        {
          "schema_version": 0,
          "attributes": {
            "disk": "test-disk",
            "id": "projectvpcpoc-2/us-central1-a/test-disk/snapshot-schedule-policy",
            "name": "snapshot-schedule-policy",
            "project": "projectvpcpoc-2",
            "timeouts": null,
            "zone": "us-central1-a"
          },
          "sensitive_attributes": [],
          "private": "eyJlMmJmYjczMC1lY2FhLTExZTYtOGY4OC0zNDM2M2JjN2M0YzAiOnsiY3JlYXRlIjoxMjAwMDAwMDAwMDAwLCJkZWxldGUiOjEyMDAwMDAwMDAwMDB9fQ==",
          "dependencies": [
            "google_compute_disk.persistent",
            "google_compute_resource_policy.scheduled-policy"
          ]
        }
      ]
    },
    {
      "mode": "managed",
      "type": "google_compute_firewall",
      "name": "allow-http",
      "provider": "provider[\"registry.terraform.io/hashicorp/google\"]",
      "instances": [
        {
          "schema_version": 1,
          "attributes": {
            "allow": [
              {
                "ports": [
                  "80",
                  "22"
                ],
                "protocol": "tcp"
              }
            ],
            "creation_timestamp": "2022-02-12T00:00:32.610-08:00",
            "deny": [],
            "description": "",
            "destination_ranges": [],
            "direction": "INGRESS",
            "disabled": false,
            "enable_logging": null,
            "id": "projects/projectvpcpoc-2/global/firewalls/fw-allow-http",
            "log_config": [],
            "name": "fw-allow-http",
            "network": "https://www.googleapis.com/compute/v1/projects/projectvpcpoc-2/global/networks/vpc-network",
            "priority": 1000,
            "project": "projectvpcpoc-2",
            "self_link": "https://www.googleapis.com/compute/v1/projects/projectvpcpoc-2/global/firewalls/fw-allow-http",
            "source_ranges": [
              "0.0.0.0/0"
            ],
            "source_service_accounts": null,
            "source_tags": null,
            "target_service_accounts": null,
            "target_tags": [
              "http-server"
            ],
            "timeouts": null
          },
          "sensitive_attributes": [],
          "private": "eyJlMmJmYjczMC1lY2FhLTExZTYtOGY4OC0zNDM2M2JjN2M0YzAiOnsiY3JlYXRlIjoxMjAwMDAwMDAwMDAwLCJkZWxldGUiOjEyMDAwMDAwMDAwMDAsInVwZGF0ZSI6MTIwMDAwMDAwMDAwMH0sInNjaGVtYV92ZXJzaW9uIjoiMSJ9",
          "dependencies": [
            "google_compute_network.vpc_network"
          ]
        }
      ]
    },
    {
      "mode": "managed",
      "type": "google_compute_firewall",
      "name": "allow-ssh",
      "provider": "provider[\"registry.terraform.io/hashicorp/google\"]",
      "instances": [
        {
          "schema_version": 1,
          "attributes": {
            "allow": [
              {
                "ports": [],
                "protocol": "tcp"
              }
            ],
            "creation_timestamp": "2022-02-12T00:00:32.613-08:00",
            "deny": [],
            "description": "",
            "destination_ranges": [],
            "direction": "INGRESS",
            "disabled": false,
            "enable_logging": null,
            "id": "projects/projectvpcpoc-2/global/firewalls/fw-allow-ssh",
            "log_config": [],
            "name": "fw-allow-ssh",
            "network": "https://www.googleapis.com/compute/v1/projects/projectvpcpoc-2/global/networks/vpc-network",
            "priority": 1000,
            "project": "projectvpcpoc-2",
            "self_link": "https://www.googleapis.com/compute/v1/projects/projectvpcpoc-2/global/firewalls/fw-allow-ssh",
            "source_ranges": [
              "0.0.0.0/0"
            ],
            "source_service_accounts": null,
            "source_tags": null,
            "target_service_accounts": null,
            "target_tags": null,
            "timeouts": null
          },
          "sensitive_attributes": [],
          "private": "eyJlMmJmYjczMC1lY2FhLTExZTYtOGY4OC0zNDM2M2JjN2M0YzAiOnsiY3JlYXRlIjoxMjAwMDAwMDAwMDAwLCJkZWxldGUiOjEyMDAwMDAwMDAwMDAsInVwZGF0ZSI6MTIwMDAwMDAwMDAwMH0sInNjaGVtYV92ZXJzaW9uIjoiMSJ9",
          "dependencies": [
            "google_compute_network.vpc_network"
          ]
        }
      ]
    },
    {
      "mode": "managed",
      "type": "google_compute_firewall",
      "name": "fw-iap",
      "provider": "provider[\"registry.terraform.io/hashicorp/google\"]",
      "instances": [
        {
          "schema_version": 1,
          "attributes": {
            "allow": [
              {
                "ports": [],
                "protocol": "tcp"
              }
            ],
            "creation_timestamp": "2022-02-12T00:00:32.605-08:00",
            "deny": [],
            "description": "",
            "destination_ranges": [],
            "direction": "INGRESS",
            "disabled": false,
            "enable_logging": null,
            "id": "projects/projectvpcpoc-2/global/firewalls/fw-allow-iap-hc",
            "log_config": [],
            "name": "fw-allow-iap-hc",
            "network": "https://www.googleapis.com/compute/v1/projects/projectvpcpoc-2/global/networks/vpc-network",
            "priority": 1000,
            "project": "projectvpcpoc-2",
            "self_link": "https://www.googleapis.com/compute/v1/projects/projectvpcpoc-2/global/firewalls/fw-allow-iap-hc",
            "source_ranges": [
              "130.211.0.0/22",
              "35.191.0.0/16",
              "35.235.240.0/20"
            ],
            "source_service_accounts": null,
            "source_tags": null,
            "target_service_accounts": null,
            "target_tags": null,
            "timeouts": null
          },
          "sensitive_attributes": [],
          "private": "eyJlMmJmYjczMC1lY2FhLTExZTYtOGY4OC0zNDM2M2JjN2M0YzAiOnsiY3JlYXRlIjoxMjAwMDAwMDAwMDAwLCJkZWxldGUiOjEyMDAwMDAwMDAwMDAsInVwZGF0ZSI6MTIwMDAwMDAwMDAwMH0sInNjaGVtYV92ZXJzaW9uIjoiMSJ9",
          "dependencies": [
            "google_compute_network.vpc_network"
          ]
        }
      ]
    },
    {
      "mode": "managed",
      "type": "google_compute_forwarding_rule",
      "name": "google_compute_forwarding_rule",
      "provider": "provider[\"registry.terraform.io/hashicorp/google\"]",
      "instances": [
        {
          "schema_version": 0,
          "attributes": {
            "all_ports": false,
            "allow_global_access": false,
            "backend_service": "",
            "creation_timestamp": "2022-02-12T00:02:35.317-08:00",
            "description": "",
            "id": "projects/projectvpcpoc-2/regions/us-central1/forwardingRules/forwarding-rule",
            "ip_address": "10.0.1.3",
            "ip_protocol": "TCP",
            "is_mirroring_collector": false,
            "label_fingerprint": "42WmSpB8rSM=",
            "labels": null,
            "load_balancing_scheme": "INTERNAL_MANAGED",
            "name": "forwarding-rule",
            "network": "projects/projectvpcpoc-2/global/networks/vpc-network",
            "network_tier": "PREMIUM",
            "port_range": "80",
            "ports": null,
            "project": "projectvpcpoc-2",
            "region": "us-central1",
            "self_link": "https://www.googleapis.com/compute/v1/projects/projectvpcpoc-2/regions/us-central1/forwardingRules/forwarding-rule",
            "service_label": "",
            "service_name": "",
            "subnetwork": "projects/projectvpcpoc-2/regions/us-central1/subnetworks/backend-subnet1",
            "target": "projects/projectvpcpoc-2/regions/us-central1/targetHttpProxies/target-http-proxy",
            "timeouts": null
          },
          "sensitive_attributes": [],
          "private": "eyJlMmJmYjczMC1lY2FhLTExZTYtOGY4OC0zNDM2M2JjN2M0YzAiOnsiY3JlYXRlIjoxMjAwMDAwMDAwMDAwLCJkZWxldGUiOjEyMDAwMDAwMDAwMDAsInVwZGF0ZSI6MTIwMDAwMDAwMDAwMH19",
          "dependencies": [
            "google_compute_disk.persistent",
            "google_compute_health_check.health",
            "google_compute_instance_template.instance_template",
            "google_compute_network.vpc_network",
            "google_compute_region_backend_service.default",
            "google_compute_region_instance_group_manager.mig",
            "google_compute_region_target_http_proxy.default",
            "google_compute_region_url_map.default",
            "google_compute_resource_policy.scheduled-policy",
            "google_compute_subnetwork.subnet1",
            "google_compute_subnetwork.subnet2"
          ]
        }
      ]
    },
    {
      "mode": "managed",
      "type": "google_compute_health_check",
      "name": "health",
      "provider": "provider[\"registry.terraform.io/hashicorp/google\"]",
      "instances": [
        {
          "schema_version": 0,
          "attributes": {
            "check_interval_sec": 5,
            "creation_timestamp": "2022-02-12T00:00:20.000-08:00",
            "description": "",
            "grpc_health_check": [],
            "healthy_threshold": 2,
            "http2_health_check": [],
            "http_health_check": [
              {
                "host": "",
                "port": 80,
                "port_name": "",
                "port_specification": "",
                "proxy_header": "NONE",
                "request_path": "/",
                "response": ""
              }
            ],
            "https_health_check": [],
            "id": "projects/projectvpcpoc-2/global/healthChecks/autohealing",
            "log_config": [
              {
                "enable": false
              }
            ],
            "name": "autohealing",
            "project": "projectvpcpoc-2",
            "self_link": "https://www.googleapis.com/compute/v1/projects/projectvpcpoc-2/global/healthChecks/autohealing",
            "ssl_health_check": [],
            "tcp_health_check": [],
            "timeout_sec": 5,
            "timeouts": null,
            "type": "HTTP",
            "unhealthy_threshold": 2
          },
          "sensitive_attributes": [],
          "private": "eyJlMmJmYjczMC1lY2FhLTExZTYtOGY4OC0zNDM2M2JjN2M0YzAiOnsiY3JlYXRlIjoxMjAwMDAwMDAwMDAwLCJkZWxldGUiOjEyMDAwMDAwMDAwMDAsInVwZGF0ZSI6MTIwMDAwMDAwMDAwMH19"
        }
      ]
    },
    {
      "mode": "managed",
      "type": "google_compute_instance",
      "name": "instance1",
      "provider": "provider[\"registry.terraform.io/hashicorp/google\"]",
      "instances": [
        {
          "schema_version": 6,
          "attributes": {
            "advanced_machine_features": [],
            "allow_stopping_for_update": null,
            "attached_disk": [
              {
                "device_name": "persistent-disk-1",
                "disk_encryption_key_raw": "",
                "disk_encryption_key_sha256": "",
                "kms_key_self_link": "",
                "mode": "READ_WRITE",
                "source": "https://www.googleapis.com/compute/v1/projects/projectvpcpoc-2/zones/us-central1-a/disks/test-disk"
              }
            ],
            "boot_disk": [
              {
                "auto_delete": true,
                "device_name": "persistent-disk-0",
                "disk_encryption_key_raw": "",
                "disk_encryption_key_sha256": "",
                "initialize_params": [
                  {
                    "image": "https://www.googleapis.com/compute/v1/projects/debian-cloud/global/images/debian-9-stretch-v20220118",
                    "labels": {},
                    "size": 10,
                    "type": "pd-standard"
                  }
                ],
                "kms_key_self_link": "",
                "mode": "READ_WRITE",
                "source": "https://www.googleapis.com/compute/v1/projects/projectvpcpoc-2/zones/us-central1-a/disks/instance1"
              }
            ],
            "can_ip_forward": false,
            "confidential_instance_config": [],
            "cpu_platform": "Intel Haswell",
            "current_status": "RUNNING",
            "deletion_protection": false,
            "description": "",
            "desired_status": null,
            "enable_display": false,
            "guest_accelerator": [],
            "hostname": "",
            "id": "projects/projectvpcpoc-2/zones/us-central1-a/instances/instance1",
            "instance_id": "5774657483384215508",
            "label_fingerprint": "42WmSpB8rSM=",
            "labels": null,
            "machine_type": "n1-standard-1",
            "metadata": null,
            "metadata_fingerprint": "IUJ7_tMs7Ro=",
            "metadata_startup_script": "sudo apt-get update \u0026\u0026 sudo apt-get install apache2 -y \u0026\u0026 echo '\u003c!doctype html\u003e\u003chtml\u003e\u003cbody\u003e\u003ch1\u003eApache is running\u003c/h1\u003e\u003c/body\u003e\u003c/html\u003e' | sudo tee /var/www/html/index.html",
            "min_cpu_platform": "",
            "name": "instance1",
            "network_interface": [
              {
                "access_config": [
                  {
                    "nat_ip": "35.223.77.174",
                    "network_tier": "PREMIUM",
                    "public_ptr_domain_name": ""
                  }
                ],
                "alias_ip_range": [],
                "ipv6_access_config": [],
                "ipv6_access_type": "",
                "name": "nic0",
                "network": "https://www.googleapis.com/compute/v1/projects/projectvpcpoc-2/global/networks/vpc-network",
                "network_ip": "10.0.1.2",
                "nic_type": "",
                "queue_count": 0,
                "stack_type": "IPV4_ONLY",
                "subnetwork": "https://www.googleapis.com/compute/v1/projects/projectvpcpoc-2/regions/us-central1/subnetworks/backend-subnet1",
                "subnetwork_project": "projectvpcpoc-2"
              }
            ],
            "project": "projectvpcpoc-2",
            "reservation_affinity": [],
            "resource_policies": null,
            "scheduling": [
              {
                "automatic_restart": false,
                "min_node_cpus": 0,
                "node_affinities": [],
                "on_host_maintenance": "MIGRATE",
                "preemptible": false
              }
            ],
            "scratch_disk": [],
            "self_link": "https://www.googleapis.com/compute/v1/projects/projectvpcpoc-2/zones/us-central1-a/instances/instance1",
            "service_account": [],
            "shielded_instance_config": [],
            "tags": [
              "http-server"
            ],
            "tags_fingerprint": "FYLDgkTKlA4=",
            "timeouts": null,
            "zone": "us-central1-a"
          },
          "sensitive_attributes": [],
          "private": "eyJlMmJmYjczMC1lY2FhLTExZTYtOGY4OC0zNDM2M2JjN2M0YzAiOnsiY3JlYXRlIjoxMjAwMDAwMDAwMDAwLCJkZWxldGUiOjEyMDAwMDAwMDAwMDAsInVwZGF0ZSI6MTIwMDAwMDAwMDAwMH0sInNjaGVtYV92ZXJzaW9uIjoiNiJ9",
          "dependencies": [
            "google_compute_disk.persistent",
            "google_compute_network.vpc_network",
            "google_compute_subnetwork.subnet1"
          ]
        }
      ]
    },
    {
      "mode": "managed",
      "type": "google_compute_instance_template",
      "name": "instance_template",
      "provider": "provider[\"registry.terraform.io/hashicorp/google\"]",
      "instances": [
        {
          "index_key": 0,
          "schema_version": 1,
          "attributes": {
            "advanced_machine_features": [],
            "can_ip_forward": false,
            "confidential_instance_config": null,
            "description": "",
            "disk": [
              {
                "auto_delete": true,
                "boot": true,
                "device_name": "persistent-disk-0",
                "disk_encryption_key": [],
                "disk_name": "",
                "disk_size_gb": 0,
                "disk_type": "pd-standard",
                "interface": "SCSI",
                "labels": null,
                "mode": "READ_WRITE",
                "resource_policies": [
                  "snapshot-schedule-policy"
                ],
                "source": "",
                "source_image": "projects/debian-cloud/global/images/family/debian-9",
                "type": "PERSISTENT"
              },
              {
                "auto_delete": false,
                "boot": false,
                "device_name": "persistent-disk-1",
                "disk_encryption_key": [],
                "disk_name": "",
                "disk_size_gb": 0,
                "disk_type": "",
                "interface": "SCSI",
                "labels": null,
                "mode": "READ_WRITE",
                "resource_policies": [],
                "source": "test-disk",
                "source_image": "",
                "type": "PERSISTENT"
              }
            ],
            "guest_accelerator": [],
            "id": "projects/projectvpcpoc-2/global/instanceTemplates/instance-template",
            "instance_description": "",
            "labels": null,
            "machine_type": "n1-standard-1",
            "metadata": {
              "foo": "bar"
            },
            "metadata_fingerprint": "C_daedbeZpY=",
            "metadata_startup_script": "sudo apt-get update \u0026\u0026 sudo apt-get install apache2 -y \u0026\u0026 echo '\u003c!doctype html\u003e\u003chtml\u003e\u003cbody\u003e\u003ch1\u003eApache is running\u003c/h1\u003e\u003c/body\u003e\u003c/html\u003e' | sudo tee /var/www/html/index.html",
            "min_cpu_platform": "",
            "name": "instance-template",
            "name_prefix": null,
            "network_interface": [
              {
                "access_config": [
                  {
                    "nat_ip": "",
                    "network_tier": "PREMIUM",
                    "public_ptr_domain_name": ""
                  }
                ],
                "alias_ip_range": [],
                "ipv6_access_config": [],
                "ipv6_access_type": "",
                "name": "nic0",
                "network": "https://www.googleapis.com/compute/v1/projects/projectvpcpoc-2/global/networks/vpc-network",
                "network_ip": "",
                "nic_type": "",
                "queue_count": 0,
                "stack_type": "",
                "subnetwork": "https://www.googleapis.com/compute/v1/projects/projectvpcpoc-2/regions/us-central1/subnetworks/backend-subnet1",
                "subnetwork_project": "projectvpcpoc-2"
              }
            ],
            "project": "projectvpcpoc-2",
            "region": "us-central1",
            "reservation_affinity": [],
            "scheduling": [
              {
                "automatic_restart": true,
                "min_node_cpus": 0,
                "node_affinities": [],
                "on_host_maintenance": "MIGRATE",
                "preemptible": false
              }
            ],
            "self_link": "https://www.googleapis.com/compute/v1/projects/projectvpcpoc-2/global/instanceTemplates/instance-template",
            "service_account": [],
            "shielded_instance_config": [],
            "tags": [
              "allow-ssh",
              "http-server"
            ],
            "tags_fingerprint": "",
            "timeouts": null
          },
          "sensitive_attributes": [],
          "private": "eyJlMmJmYjczMC1lY2FhLTExZTYtOGY4OC0zNDM2M2JjN2M0YzAiOnsiY3JlYXRlIjoyNDAwMDAwMDAwMDAsImRlbGV0ZSI6MjQwMDAwMDAwMDAwfSwic2NoZW1hX3ZlcnNpb24iOiIxIn0=",
          "dependencies": [
            "google_compute_disk.persistent",
            "google_compute_network.vpc_network",
            "google_compute_resource_policy.scheduled-policy",
            "google_compute_subnetwork.subnet1"
          ]
        }
      ]
    },
    {
      "mode": "managed",
      "type": "google_compute_network",
      "name": "vpc_network",
      "provider": "provider[\"registry.terraform.io/hashicorp/google\"]",
      "instances": [
        {
          "schema_version": 0,
          "attributes": {
            "auto_create_subnetworks": false,
            "delete_default_routes_on_create": false,
            "description": "",
            "gateway_ipv4": "",
            "id": "projects/projectvpcpoc-2/global/networks/vpc-network",
            "mtu": 0,
            "name": "vpc-network",
            "project": "projectvpcpoc-2",
            "routing_mode": "REGIONAL",
            "self_link": "https://www.googleapis.com/compute/v1/projects/projectvpcpoc-2/global/networks/vpc-network",
            "timeouts": null
          },
          "sensitive_attributes": [],
          "private": "eyJlMmJmYjczMC1lY2FhLTExZTYtOGY4OC0zNDM2M2JjN2M0YzAiOnsiY3JlYXRlIjoxMjAwMDAwMDAwMDAwLCJkZWxldGUiOjEyMDAwMDAwMDAwMDAsInVwZGF0ZSI6MTIwMDAwMDAwMDAwMH19"
        }
      ]
    },
    {
      "mode": "managed",
      "type": "google_compute_region_autoscaler",
      "name": "autoscaler",
      "provider": "provider[\"registry.terraform.io/hashicorp/google\"]",
      "instances": [
        {
          "index_key": 0,
          "schema_version": 0,
          "attributes": {
            "autoscaling_policy": [
              {
                "cooldown_period": 60,
                "cpu_utilization": [
                  {
                    "predictive_method": "NONE",
                    "target": 0.6
                  }
                ],
                "load_balancing_utilization": [],
                "max_replicas": 3,
                "metric": [],
                "min_replicas": 1,
                "mode": "ON",
                "scale_in_control": [],
                "scaling_schedules": []
              }
            ],
            "creation_timestamp": "2022-02-12T00:01:34.775-08:00",
            "description": "",
            "id": "projects/projectvpcpoc-2/regions/us-central1/autoscalers/autoscaler",
            "name": "autoscaler",
            "project": "projectvpcpoc-2",
            "region": "https://www.googleapis.com/compute/v1/projects/projectvpcpoc-2/regions/us-central1",
            "self_link": "https://www.googleapis.com/compute/v1/projects/projectvpcpoc-2/regions/us-central1/autoscalers/autoscaler",
            "target": "https://www.googleapis.com/compute/v1/projects/projectvpcpoc-2/regions/us-central1/instanceGroupManagers/mig1",
            "timeouts": null
          },
          "sensitive_attributes": [],
          "private": "eyJlMmJmYjczMC1lY2FhLTExZTYtOGY4OC0zNDM2M2JjN2M0YzAiOnsiY3JlYXRlIjoxMjAwMDAwMDAwMDAwLCJkZWxldGUiOjEyMDAwMDAwMDAwMDAsInVwZGF0ZSI6MTIwMDAwMDAwMDAwMH19",
          "dependencies": [
            "google_compute_disk.persistent",
            "google_compute_health_check.health",
            "google_compute_instance_template.instance_template",
            "google_compute_network.vpc_network",
            "google_compute_region_instance_group_manager.mig",
            "google_compute_resource_policy.scheduled-policy",
            "google_compute_subnetwork.subnet1"
          ]
        }
      ]
    },
    {
      "mode": "managed",
      "type": "google_compute_region_backend_service",
      "name": "default",
      "provider": "provider[\"registry.terraform.io/hashicorp/google\"]",
      "instances": [
        {
          "schema_version": 1,
          "attributes": {
            "affinity_cookie_ttl_sec": 0,
            "backend": [
              {
                "balancing_mode": "UTILIZATION",
                "capacity_scaler": 1,
                "description": "",
                "failover": false,
                "group": "https://www.googleapis.com/compute/v1/projects/projectvpcpoc-2/regions/us-central1/instanceGroups/mig1",
                "max_connections": 0,
                "max_connections_per_endpoint": 0,
                "max_connections_per_instance": 0,
                "max_rate": 0,
                "max_rate_per_endpoint": 0,
                "max_rate_per_instance": 0,
                "max_utilization": 0
              }
            ],
            "cdn_policy": [],
            "circuit_breakers": [],
            "connection_draining_timeout_sec": 0,
            "consistent_hash": [],
            "creation_timestamp": "2022-02-12T00:01:34.933-08:00",
            "description": "",
            "enable_cdn": false,
            "failover_policy": [],
            "fingerprint": "fTOkLHl3mtQ=",
            "health_checks": [
              "projects/projectvpcpoc-2/global/healthChecks/autohealing"
            ],
            "iap": [],
            "id": "projects/projectvpcpoc-2/regions/us-central1/backendServices/ilb-backend-service",
            "load_balancing_scheme": "INTERNAL_MANAGED",
            "locality_lb_policy": "",
            "log_config": [],
            "name": "ilb-backend-service",
            "network": "",
            "outlier_detection": [],
            "port_name": "http",
            "project": "projectvpcpoc-2",
            "protocol": "HTTP",
            "region": "us-central1",
            "self_link": "https://www.googleapis.com/compute/v1/projects/projectvpcpoc-2/regions/us-central1/backendServices/ilb-backend-service",
            "session_affinity": "NONE",
            "timeout_sec": 10,
            "timeouts": null
          },
          "sensitive_attributes": [],
          "private": "eyJlMmJmYjczMC1lY2FhLTExZTYtOGY4OC0zNDM2M2JjN2M0YzAiOnsiY3JlYXRlIjoxMjAwMDAwMDAwMDAwLCJkZWxldGUiOjEyMDAwMDAwMDAwMDAsInVwZGF0ZSI6MTIwMDAwMDAwMDAwMH0sInNjaGVtYV92ZXJzaW9uIjoiMSJ9",
          "dependencies": [
            "google_compute_disk.persistent",
            "google_compute_health_check.health",
            "google_compute_instance_template.instance_template",
            "google_compute_network.vpc_network",
            "google_compute_region_instance_group_manager.mig",
            "google_compute_resource_policy.scheduled-policy",
            "google_compute_subnetwork.subnet1"
          ]
        }
      ]
    },
    {
      "mode": "managed",
      "type": "google_compute_region_instance_group_manager",
      "name": "mig",
      "provider": "provider[\"registry.terraform.io/hashicorp/google\"]",
      "instances": [
        {
          "schema_version": 0,
          "attributes": {
            "auto_healing_policies": [
              {
                "health_check": "https://www.googleapis.com/compute/v1/projects/projectvpcpoc-2/global/healthChecks/autohealing",
                "initial_delay_sec": 0
              }
            ],
            "base_instance_name": "instance1",
            "description": "",
            "distribution_policy_target_shape": "EVEN",
            "distribution_policy_zones": [
              "us-central1-a"
            ],
            "fingerprint": "zCOAGBlHv1c=",
            "id": "projects/projectvpcpoc-2/regions/us-central1/instanceGroupManagers/mig1",
            "instance_group": "https://www.googleapis.com/compute/v1/projects/projectvpcpoc-2/regions/us-central1/instanceGroups/mig1",
            "name": "mig1",
            "named_port": [],
            "project": "projectvpcpoc-2",
            "region": "us-central1",
            "self_link": "https://www.googleapis.com/compute/v1/projects/projectvpcpoc-2/regions/us-central1/instanceGroupManagers/mig1",
            "stateful_disk": [],
            "status": [
              {
                "is_stable": false,
                "stateful": [
                  {
                    "has_stateful_config": false,
                    "per_instance_configs": [
                      {
                        "all_effective": true
                      }
                    ]
                  }
                ],
                "version_target": [
                  {
                    "is_reached": true
                  }
                ]
              }
            ],
            "target_pools": null,
            "target_size": 1,
            "timeouts": null,
            "update_policy": [
              {
                "instance_redistribution_type": "PROACTIVE",
                "max_surge_fixed": 1,
                "max_surge_percent": 0,
                "max_unavailable_fixed": 1,
                "max_unavailable_percent": 0,
                "minimal_action": "REPLACE",
                "replacement_method": "SUBSTITUTE",
                "type": "OPPORTUNISTIC"
              }
            ],
            "version": [
              {
                "instance_template": "https://www.googleapis.com/compute/v1/projects/projectvpcpoc-2/global/instanceTemplates/instance-template",
                "name": "",
                "target_size": []
              }
            ],
            "wait_for_instances": false,
            "wait_for_instances_status": "STABLE"
          },
          "sensitive_attributes": [],
          "private": "eyJlMmJmYjczMC1lY2FhLTExZTYtOGY4OC0zNDM2M2JjN2M0YzAiOnsiY3JlYXRlIjo5MDAwMDAwMDAwMDAsImRlbGV0ZSI6OTAwMDAwMDAwMDAwLCJ1cGRhdGUiOjkwMDAwMDAwMDAwMH19",
          "dependencies": [
            "google_compute_disk.persistent",
            "google_compute_health_check.health",
            "google_compute_instance_template.instance_template",
            "google_compute_network.vpc_network",
            "google_compute_resource_policy.scheduled-policy",
            "google_compute_subnetwork.subnet1"
          ]
        }
      ]
    },
    {
      "mode": "managed",
      "type": "google_compute_region_target_http_proxy",
      "name": "default",
      "provider": "provider[\"registry.terraform.io/hashicorp/google\"]",
      "instances": [
        {
          "schema_version": 0,
          "attributes": {
            "creation_timestamp": "2022-02-12T00:02:21.639-08:00",
            "description": "",
            "id": "projects/projectvpcpoc-2/regions/us-central1/targetHttpProxies/target-http-proxy",
            "name": "target-http-proxy",
            "project": "projectvpcpoc-2",
            "proxy_id": 5262948804791555938,
            "region": "us-central1",
            "self_link": "https://www.googleapis.com/compute/v1/projects/projectvpcpoc-2/regions/us-central1/targetHttpProxies/target-http-proxy",
            "timeouts": null,
            "url_map": "https://www.googleapis.com/compute/v1/projects/projectvpcpoc-2/regions/us-central1/urlMaps/regional-url-map"
          },
          "sensitive_attributes": [],
          "private": "eyJlMmJmYjczMC1lY2FhLTExZTYtOGY4OC0zNDM2M2JjN2M0YzAiOnsiY3JlYXRlIjoxMjAwMDAwMDAwMDAwLCJkZWxldGUiOjEyMDAwMDAwMDAwMDAsInVwZGF0ZSI6MTIwMDAwMDAwMDAwMH19",
          "dependencies": [
            "google_compute_disk.persistent",
            "google_compute_health_check.health",
            "google_compute_instance_template.instance_template",
            "google_compute_network.vpc_network",
            "google_compute_region_backend_service.default",
            "google_compute_region_instance_group_manager.mig",
            "google_compute_region_url_map.default",
            "google_compute_resource_policy.scheduled-policy",
            "google_compute_subnetwork.subnet1"
          ]
        }
      ]
    },
    {
      "mode": "managed",
      "type": "google_compute_region_url_map",
      "name": "default",
      "provider": "provider[\"registry.terraform.io/hashicorp/google\"]",
      "instances": [
        {
          "schema_version": 0,
          "attributes": {
            "creation_timestamp": "2022-02-12T00:02:08.763-08:00",
            "default_service": "https://www.googleapis.com/compute/v1/projects/projectvpcpoc-2/regions/us-central1/backendServices/ilb-backend-service",
            "default_url_redirect": [],
            "description": "",
            "fingerprint": "xY60ycXEVe8=",
            "host_rule": [],
            "id": "projects/projectvpcpoc-2/regions/us-central1/urlMaps/regional-url-map",
            "map_id": 5746460249991862127,
            "name": "regional-url-map",
            "path_matcher": [],
            "project": "projectvpcpoc-2",
            "region": "us-central1",
            "self_link": "https://www.googleapis.com/compute/v1/projects/projectvpcpoc-2/regions/us-central1/urlMaps/regional-url-map",
            "test": [],
            "timeouts": null
          },
          "sensitive_attributes": [],
          "private": "eyJlMmJmYjczMC1lY2FhLTExZTYtOGY4OC0zNDM2M2JjN2M0YzAiOnsiY3JlYXRlIjoxMjAwMDAwMDAwMDAwLCJkZWxldGUiOjEyMDAwMDAwMDAwMDAsInVwZGF0ZSI6MTIwMDAwMDAwMDAwMH19",
          "dependencies": [
            "google_compute_disk.persistent",
            "google_compute_health_check.health",
            "google_compute_instance_template.instance_template",
            "google_compute_network.vpc_network",
            "google_compute_region_backend_service.default",
            "google_compute_region_instance_group_manager.mig",
            "google_compute_resource_policy.scheduled-policy",
            "google_compute_subnetwork.subnet1"
          ]
        }
      ]
    },
    {
      "mode": "managed",
      "type": "google_compute_resource_policy",
      "name": "scheduled-policy",
      "provider": "provider[\"registry.terraform.io/hashicorp/google\"]",
      "instances": [
        {
          "schema_version": 0,
          "attributes": {
            "description": "",
            "group_placement_policy": [],
            "id": "projects/projectvpcpoc-2/regions/us-central1/resourcePolicies/snapshot-schedule-policy",
            "instance_schedule_policy": [],
            "name": "snapshot-schedule-policy",
            "project": "projectvpcpoc-2",
            "region": "https://www.googleapis.com/compute/v1/projects/projectvpcpoc-2/regions/us-central1",
            "self_link": "https://www.googleapis.com/compute/v1/projects/projectvpcpoc-2/regions/us-central1/resourcePolicies/snapshot-schedule-policy",
            "snapshot_schedule_policy": [
              {
                "retention_policy": [
                  {
                    "max_retention_days": 1,
                    "on_source_disk_delete": "APPLY_RETENTION_POLICY"
                  }
                ],
                "schedule": [
                  {
                    "daily_schedule": [
                      {
                        "days_in_cycle": 1,
                        "start_time": "04:00"
                      }
                    ],
                    "hourly_schedule": [],
                    "weekly_schedule": []
                  }
                ],
                "snapshot_properties": []
              }
            ],
            "timeouts": null
          },
          "sensitive_attributes": [],
          "private": "eyJlMmJmYjczMC1lY2FhLTExZTYtOGY4OC0zNDM2M2JjN2M0YzAiOnsiY3JlYXRlIjoxMjAwMDAwMDAwMDAwLCJkZWxldGUiOjEyMDAwMDAwMDAwMDB9fQ=="
        }
      ]
    },
    {
      "mode": "managed",
      "type": "google_compute_snapshot",
      "name": "snapshot",
      "provider": "provider[\"registry.terraform.io/hashicorp/google\"]",
      "instances": [
        {
          "schema_version": 0,
          "attributes": {
            "creation_timestamp": "2022-02-12T00:00:22.688-08:00",
            "description": "",
            "disk_size_gb": 10,
            "id": "projects/projectvpcpoc-2/global/snapshots/my-snapshot",
            "label_fingerprint": "42WmSpB8rSM=",
            "labels": null,
            "licenses": [],
            "name": "my-snapshot",
            "project": "projectvpcpoc-2",
            "self_link": "https://www.googleapis.com/compute/v1/projects/projectvpcpoc-2/global/snapshots/my-snapshot",
            "snapshot_encryption_key": [],
            "snapshot_id": 3480287190811596793,
            "source_disk": "https://www.googleapis.com/compute/v1/projects/projectvpcpoc-2/zones/us-central1-a/disks/test-disk",
            "source_disk_encryption_key": [],
            "storage_bytes": 0,
            "storage_locations": [
              "us-central1"
            ],
            "timeouts": null,
            "zone": "us-central1-a"
          },
          "sensitive_attributes": [],
          "private": "eyJlMmJmYjczMC1lY2FhLTExZTYtOGY4OC0zNDM2M2JjN2M0YzAiOnsiY3JlYXRlIjoxMjAwMDAwMDAwMDAwLCJkZWxldGUiOjEyMDAwMDAwMDAwMDAsInVwZGF0ZSI6MTIwMDAwMDAwMDAwMH19",
          "dependencies": [
            "google_compute_disk.persistent"
          ]
        }
      ]
    },
    {
      "mode": "managed",
      "type": "google_compute_subnetwork",
      "name": "subnet1",
      "provider": "provider[\"registry.terraform.io/hashicorp/google\"]",
      "instances": [
        {
          "schema_version": 0,
          "attributes": {
            "creation_timestamp": "2022-02-12T00:00:34.081-08:00",
            "description": "",
            "external_ipv6_prefix": "",
            "fingerprint": null,
            "gateway_address": "10.0.1.1",
            "id": "projects/projectvpcpoc-2/regions/us-central1/subnetworks/backend-subnet1",
            "ip_cidr_range": "10.0.1.0/24",
            "ipv6_access_type": "",
            "ipv6_cidr_range": "",
            "log_config": [],
            "name": "backend-subnet1",
            "network": "https://www.googleapis.com/compute/v1/projects/projectvpcpoc-2/global/networks/vpc-network",
            "private_ip_google_access": false,
            "private_ipv6_google_access": "DISABLE_GOOGLE_ACCESS",
            "project": "projectvpcpoc-2",
            "purpose": "PRIVATE",
            "region": "us-central1",
            "role": "",
            "secondary_ip_range": [],
            "self_link": "https://www.googleapis.com/compute/v1/projects/projectvpcpoc-2/regions/us-central1/subnetworks/backend-subnet1",
            "stack_type": "IPV4_ONLY",
            "timeouts": null
          },
          "sensitive_attributes": [],
          "private": "eyJlMmJmYjczMC1lY2FhLTExZTYtOGY4OC0zNDM2M2JjN2M0YzAiOnsiY3JlYXRlIjoxMjAwMDAwMDAwMDAwLCJkZWxldGUiOjEyMDAwMDAwMDAwMDAsInVwZGF0ZSI6MTIwMDAwMDAwMDAwMH19",
          "dependencies": [
            "google_compute_network.vpc_network"
          ]
        }
      ]
    },
    {
      "mode": "managed",
      "type": "google_compute_subnetwork",
      "name": "subnet2",
      "provider": "provider[\"registry.terraform.io/hashicorp/google\"]",
      "instances": [
        {
          "schema_version": 0,
          "attributes": {
            "creation_timestamp": "2022-02-12T00:00:33.130-08:00",
            "description": "",
            "external_ipv6_prefix": "",
            "fingerprint": null,
            "gateway_address": "10.0.0.1",
            "id": "projects/projectvpcpoc-2/regions/us-central1/subnetworks/proxy-subnet1",
            "ip_cidr_range": "10.0.0.0/24",
            "ipv6_access_type": "",
            "ipv6_cidr_range": "",
            "log_config": [],
            "name": "proxy-subnet1",
            "network": "https://www.googleapis.com/compute/v1/projects/projectvpcpoc-2/global/networks/vpc-network",
            "private_ip_google_access": false,
            "private_ipv6_google_access": "DISABLE_GOOGLE_ACCESS",
            "project": "projectvpcpoc-2",
            "purpose": "INTERNAL_HTTPS_LOAD_BALANCER",
            "region": "us-central1",
            "role": "ACTIVE",
            "secondary_ip_range": [],
            "self_link": "https://www.googleapis.com/compute/v1/projects/projectvpcpoc-2/regions/us-central1/subnetworks/proxy-subnet1",
            "stack_type": "UNSPECIFIED_STACK_TYPE",
            "timeouts": null
          },
          "sensitive_attributes": [],
          "private": "eyJlMmJmYjczMC1lY2FhLTExZTYtOGY4OC0zNDM2M2JjN2M0YzAiOnsiY3JlYXRlIjoxMjAwMDAwMDAwMDAwLCJkZWxldGUiOjEyMDAwMDAwMDAwMDAsInVwZGF0ZSI6MTIwMDAwMDAwMDAwMH19",
          "dependencies": [
            "google_compute_network.vpc_network"
          ]
        }
      ]
    }
  ]
}
